{
  "name": "shareyourselfartists",
  "version": "1.0.0",
  "lockfileVersion": 1,
  "requires": true,
  "dependencies": {
    "vue": {
      "version": "2.5.17",
      "resolved": "https://registry.npmjs.org/vue/-/vue-2.5.17.tgz",
      "integrity": "sha512-mFbcWoDIJi0w0Za4emyLiW72Jae0yjANHbCVquMKijcavBGypqlF7zHRgMa5k4sesdv7hv2rB4JPdZfR+TPfhQ=="
    },
    "vue-firebase": {
      "version": "1.0.8",
      "resolved": "https://registry.npmjs.org/vue-firebase/-/vue-firebase-1.0.8.tgz",
      "integrity": "sha512-nfOB8U+zdC+aibziTGx1ncxLP7Mji6HppgPIOXR2MwoglckS1gGkyqzfjGFQU1TTCnqeJv1ksHumHrz5rj1p1w=="
    }
  }
}
